
Microsoft Visual Studio Solution File, Format Version 12.00
# Visual Studio Version 16
VisualStudioVersion = 16.0.31205.134
MinimumVisualStudioVersion = 10.0.40219.1
Project("{FAE04EC0-301F-11D3-BF4B-00C04F79EFBC}") = "MatchGame", "MatchGame\MatchGame.csproj", "{AF3AD93F-C458-4192-B5E1-CDF766F23AE5}"
EndProject
Global
	GlobalSection(SolutionConfigurationPlatforms) = preSolution
		Debug|Any CPU = Debug|Any CPU
		Release|Any CPU = Release|Any CPU
	EndGlobalSection
	GlobalSection(ProjectConfigurationPlatforms) = postSolution
		{AF3AD93F-C458-4192-B5E1-CDF766F23AE5}.Debug|Any CPU.ActiveCfg = Debug|Any CPU
		{AF3AD93F-C458-4192-B5E1-CDF766F23AE5}.Debug|Any CPU.Build.0 = Debug|Any CPU
		{AF3AD93F-C458-4192-B5E1-CDF766F23AE5}.Release|Any CPU.ActiveCfg = Release|Any CPU
		{AF3AD93F-C458-4192-B5E1-CDF766F23AE5}.Release|Any CPU.Build.0 = Release|Any CPU
	EndGlobalSection
	GlobalSection(SolutionProperties) = preSolution
		HideSolutionNode = FALSE
	EndGlobalSection
	GlobalSection(ExtensibilityGlobals) = postSolution
		SolutionGuid = {395DAA0E-8159-49AA-9FD3-99B99F58B059}
	EndGlobalSection
EndGlobal
